
Microsoft Visual Studio Solution File, Format Version 12.00
# Visual Studio Version 17
VisualStudioVersion = 17.5.2.0
MinimumVisualStudioVersion = 10.0.40219.1
Project("{FAE04EC0-301F-11D3-BF4B-00C04F79EFBC}") = "VendingMachineApi", "VendingMachineApi\VendingMachineApi.csproj", "{5C01E7C0-F827-82B4-03E5-4B6606674867}"
EndProject
Project("{FAE04EC0-301F-11D3-BF4B-00C04F79EFBC}") = "VendingMachineApi.Tests", "VendingMachineApi.Tests\VendingMachineApi.Tests.csproj", "{B62B0754-AA11-2173-0F35-982F246BCDD5}"
EndProject
Project("{FAE04EC0-301F-11D3-BF4B-00C04F79EFBC}") = "VendingMachineApi.Domain", "VendingMachineApi.Domain\VendingMachineApi.Domain.csproj", "{18A45E58-8B81-4250-923E-5BAEB755EF42}"
EndProject
Project("{FAE04EC0-301F-11D3-BF4B-00C04F79EFBC}") = "VendingMachineApi.Application", "VendingMachineApi.Application\VendingMachineApi.Application.csproj", "{984CA69C-6B77-41A0-B397-E52E627FE516}"
EndProject
Project("{FAE04EC0-301F-11D3-BF4B-00C04F79EFBC}") = "VendingMachineApi.Infrastructure", "VendingMachineApi.Infrastructure\VendingMachineApi.Infrastructure.csproj", "{4EA5C86B-D4A4-427E-8A90-D52D5699D78C}"
EndProject
Global
	GlobalSection(SolutionConfigurationPlatforms) = preSolution
		Debug|Any CPU = Debug|Any CPU
		Debug|x64 = Debug|x64
		Debug|x86 = Debug|x86
		Release|Any CPU = Release|Any CPU
		Release|x64 = Release|x64
		Release|x86 = Release|x86
	EndGlobalSection
	GlobalSection(ProjectConfigurationPlatforms) = postSolution
		{5C01E7C0-F827-82B4-03E5-4B6606674867}.Debug|Any CPU.ActiveCfg = Debug|Any CPU
		{5C01E7C0-F827-82B4-03E5-4B6606674867}.Debug|Any CPU.Build.0 = Debug|Any CPU
		{5C01E7C0-F827-82B4-03E5-4B6606674867}.Debug|x64.ActiveCfg = Debug|Any CPU
		{5C01E7C0-F827-82B4-03E5-4B6606674867}.Debug|x64.Build.0 = Debug|Any CPU
		{5C01E7C0-F827-82B4-03E5-4B6606674867}.Debug|x86.ActiveCfg = Debug|Any CPU
		{5C01E7C0-F827-82B4-03E5-4B6606674867}.Debug|x86.Build.0 = Debug|Any CPU
		{5C01E7C0-F827-82B4-03E5-4B6606674867}.Release|Any CPU.ActiveCfg = Release|Any CPU
		{5C01E7C0-F827-82B4-03E5-4B6606674867}.Release|Any CPU.Build.0 = Release|Any CPU
		{5C01E7C0-F827-82B4-03E5-4B6606674867}.Release|x64.ActiveCfg = Release|Any CPU
		{5C01E7C0-F827-82B4-03E5-4B6606674867}.Release|x64.Build.0 = Release|Any CPU
		{5C01E7C0-F827-82B4-03E5-4B6606674867}.Release|x86.ActiveCfg = Release|Any CPU
		{5C01E7C0-F827-82B4-03E5-4B6606674867}.Release|x86.Build.0 = Release|Any CPU
		{B62B0754-AA11-2173-0F35-982F246BCDD5}.Debug|Any CPU.ActiveCfg = Debug|Any CPU
		{B62B0754-AA11-2173-0F35-982F246BCDD5}.Debug|Any CPU.Build.0 = Debug|Any CPU
		{B62B0754-AA11-2173-0F35-982F246BCDD5}.Debug|x64.ActiveCfg = Debug|Any CPU
		{B62B0754-AA11-2173-0F35-982F246BCDD5}.Debug|x64.Build.0 = Debug|Any CPU
		{B62B0754-AA11-2173-0F35-982F246BCDD5}.Debug|x86.ActiveCfg = Debug|Any CPU
		{B62B0754-AA11-2173-0F35-982F246BCDD5}.Debug|x86.Build.0 = Debug|Any CPU
		{B62B0754-AA11-2173-0F35-982F246BCDD5}.Release|Any CPU.ActiveCfg = Release|Any CPU
		{B62B0754-AA11-2173-0F35-982F246BCDD5}.Release|Any CPU.Build.0 = Release|Any CPU
		{B62B0754-AA11-2173-0F35-982F246BCDD5}.Release|x64.ActiveCfg = Release|Any CPU
		{B62B0754-AA11-2173-0F35-982F246BCDD5}.Release|x64.Build.0 = Release|Any CPU
		{B62B0754-AA11-2173-0F35-982F246BCDD5}.Release|x86.ActiveCfg = Release|Any CPU
		{B62B0754-AA11-2173-0F35-982F246BCDD5}.Release|x86.Build.0 = Release|Any CPU
		{18A45E58-8B81-4250-923E-5BAEB755EF42}.Debug|Any CPU.ActiveCfg = Debug|Any CPU
		{18A45E58-8B81-4250-923E-5BAEB755EF42}.Debug|Any CPU.Build.0 = Debug|Any CPU
		{18A45E58-8B81-4250-923E-5BAEB755EF42}.Debug|x64.ActiveCfg = Debug|Any CPU
		{18A45E58-8B81-4250-923E-5BAEB755EF42}.Debug|x64.Build.0 = Debug|Any CPU
		{18A45E58-8B81-4250-923E-5BAEB755EF42}.Debug|x86.ActiveCfg = Debug|Any CPU
		{18A45E58-8B81-4250-923E-5BAEB755EF42}.Debug|x86.Build.0 = Debug|Any CPU
		{18A45E58-8B81-4250-923E-5BAEB755EF42}.Release|Any CPU.ActiveCfg = Release|Any CPU
		{18A45E58-8B81-4250-923E-5BAEB755EF42}.Release|Any CPU.Build.0 = Release|Any CPU
		{18A45E58-8B81-4250-923E-5BAEB755EF42}.Release|x64.ActiveCfg = Release|Any CPU
		{18A45E58-8B81-4250-923E-5BAEB755EF42}.Release|x64.Build.0 = Release|Any CPU
		{18A45E58-8B81-4250-923E-5BAEB755EF42}.Release|x86.ActiveCfg = Release|Any CPU
		{18A45E58-8B81-4250-923E-5BAEB755EF42}.Release|x86.Build.0 = Release|Any CPU
		{984CA69C-6B77-41A0-B397-E52E627FE516}.Debug|Any CPU.ActiveCfg = Debug|Any CPU
		{984CA69C-6B77-41A0-B397-E52E627FE516}.Debug|Any CPU.Build.0 = Debug|Any CPU
		{984CA69C-6B77-41A0-B397-E52E627FE516}.Debug|x64.ActiveCfg = Debug|Any CPU
		{984CA69C-6B77-41A0-B397-E52E627FE516}.Debug|x64.Build.0 = Debug|Any CPU
		{984CA69C-6B77-41A0-B397-E52E627FE516}.Debug|x86.ActiveCfg = Debug|Any CPU
		{984CA69C-6B77-41A0-B397-E52E627FE516}.Debug|x86.Build.0 = Debug|Any CPU
		{984CA69C-6B77-41A0-B397-E52E627FE516}.Release|Any CPU.ActiveCfg = Release|Any CPU
		{984CA69C-6B77-41A0-B397-E52E627FE516}.Release|Any CPU.Build.0 = Release|Any CPU
		{984CA69C-6B77-41A0-B397-E52E627FE516}.Release|x64.ActiveCfg = Release|Any CPU
		{984CA69C-6B77-41A0-B397-E52E627FE516}.Release|x64.Build.0 = Release|Any CPU
		{984CA69C-6B77-41A0-B397-E52E627FE516}.Release|x86.ActiveCfg = Release|Any CPU
		{984CA69C-6B77-41A0-B397-E52E627FE516}.Release|x86.Build.0 = Release|Any CPU
		{4EA5C86B-D4A4-427E-8A90-D52D5699D78C}.Debug|Any CPU.ActiveCfg = Debug|Any CPU
		{4EA5C86B-D4A4-427E-8A90-D52D5699D78C}.Debug|Any CPU.Build.0 = Debug|Any CPU
		{4EA5C86B-D4A4-427E-8A90-D52D5699D78C}.Debug|x64.ActiveCfg = Debug|Any CPU
		{4EA5C86B-D4A4-427E-8A90-D52D5699D78C}.Debug|x64.Build.0 = Debug|Any CPU
		{4EA5C86B-D4A4-427E-8A90-D52D5699D78C}.Debug|x86.ActiveCfg = Debug|Any CPU
		{4EA5C86B-D4A4-427E-8A90-D52D5699D78C}.Debug|x86.Build.0 = Debug|Any CPU
		{4EA5C86B-D4A4-427E-8A90-D52D5699D78C}.Release|Any CPU.ActiveCfg = Release|Any CPU
		{4EA5C86B-D4A4-427E-8A90-D52D5699D78C}.Release|Any CPU.Build.0 = Release|Any CPU
		{4EA5C86B-D4A4-427E-8A90-D52D5699D78C}.Release|x64.ActiveCfg = Release|Any CPU
		{4EA5C86B-D4A4-427E-8A90-D52D5699D78C}.Release|x64.Build.0 = Release|Any CPU
		{4EA5C86B-D4A4-427E-8A90-D52D5699D78C}.Release|x86.ActiveCfg = Release|Any CPU
		{4EA5C86B-D4A4-427E-8A90-D52D5699D78C}.Release|x86.Build.0 = Release|Any CPU
	EndGlobalSection
	GlobalSection(SolutionProperties) = preSolution
		HideSolutionNode = FALSE
	EndGlobalSection
	GlobalSection(ExtensibilityGlobals) = postSolution
		SolutionGuid = {CF6A60B0-53AB-43F1-BAA4-D705FC459A83}
	EndGlobalSection
EndGlobal
